
Microsoft Visual Studio Solution File, Format Version 12.00
# Visual Studio 15
VisualStudioVersion = 15.0.27703.2047
MinimumVisualStudioVersion = 10.0.40219.1
Project("{FAE04EC0-301F-11D3-BF4B-00C04F79EFBC}") = "W3ResourceExers", "W3ResourceExers\W3ResourceExers.csproj", "{CE689BB3-BB0D-4C5A-93C8-B67493B011B1}"
EndProject
Project("{FAE04EC0-301F-11D3-BF4B-00C04F79EFBC}") = "1-HelloName", "1-HelloName\1-HelloName.csproj", "{EDC1696C-80CE-417D-B07F-BE94328E5EC0}"
EndProject
Project("{FAE04EC0-301F-11D3-BF4B-00C04F79EFBC}") = "4-ResultOfOperations", "4-ResultOfOperations\4-ResultOfOperations.csproj", "{38D8AF8B-61E4-4A6C-BE4C-4ADDAF74ED66}"
EndProject
Project("{FAE04EC0-301F-11D3-BF4B-00C04F79EFBC}") = "5-SwapTwoNumbers", "5-SwapTwoNumbers\5-SwapTwoNumbers.csproj", "{B1909CDF-51B5-4563-B71B-B010EA5BE952}"
EndProject
Project("{FAE04EC0-301F-11D3-BF4B-00C04F79EFBC}") = "6-MultiplicationOfTwoNumbers", "6-MultiplicationOfTwoNumbers\6-MultiplicationOfTwoNumbers.csproj", "{46C0D54B-871D-4833-8461-AA15AC057774}"
EndProject
Project("{FAE04EC0-301F-11D3-BF4B-00C04F79EFBC}") = "8-MultiplicationTable", "8-MultiplicationTable\8-MultiplicationTable.csproj", "{B6F8245B-9C94-4FB4-89A8-385372A14937}"
EndProject
Project("{FAE04EC0-301F-11D3-BF4B-00C04F79EFBC}") = "9-Average", "9-Average\9-Average.csproj", "{8D2916B8-E60C-4BC9-809A-CEB36A73C7B2}"
EndProject
Global
	GlobalSection(SolutionConfigurationPlatforms) = preSolution
		Debug|Any CPU = Debug|Any CPU
		Release|Any CPU = Release|Any CPU
	EndGlobalSection
	GlobalSection(ProjectConfigurationPlatforms) = postSolution
		{CE689BB3-BB0D-4C5A-93C8-B67493B011B1}.Debug|Any CPU.ActiveCfg = Debug|Any CPU
		{CE689BB3-BB0D-4C5A-93C8-B67493B011B1}.Debug|Any CPU.Build.0 = Debug|Any CPU
		{CE689BB3-BB0D-4C5A-93C8-B67493B011B1}.Release|Any CPU.ActiveCfg = Release|Any CPU
		{CE689BB3-BB0D-4C5A-93C8-B67493B011B1}.Release|Any CPU.Build.0 = Release|Any CPU
		{EDC1696C-80CE-417D-B07F-BE94328E5EC0}.Debug|Any CPU.ActiveCfg = Debug|Any CPU
		{EDC1696C-80CE-417D-B07F-BE94328E5EC0}.Debug|Any CPU.Build.0 = Debug|Any CPU
		{EDC1696C-80CE-417D-B07F-BE94328E5EC0}.Release|Any CPU.ActiveCfg = Release|Any CPU
		{EDC1696C-80CE-417D-B07F-BE94328E5EC0}.Release|Any CPU.Build.0 = Release|Any CPU
		{38D8AF8B-61E4-4A6C-BE4C-4ADDAF74ED66}.Debug|Any CPU.ActiveCfg = Debug|Any CPU
		{38D8AF8B-61E4-4A6C-BE4C-4ADDAF74ED66}.Debug|Any CPU.Build.0 = Debug|Any CPU
		{38D8AF8B-61E4-4A6C-BE4C-4ADDAF74ED66}.Release|Any CPU.ActiveCfg = Release|Any CPU
		{38D8AF8B-61E4-4A6C-BE4C-4ADDAF74ED66}.Release|Any CPU.Build.0 = Release|Any CPU
		{B1909CDF-51B5-4563-B71B-B010EA5BE952}.Debug|Any CPU.ActiveCfg = Debug|Any CPU
		{B1909CDF-51B5-4563-B71B-B010EA5BE952}.Debug|Any CPU.Build.0 = Debug|Any CPU
		{B1909CDF-51B5-4563-B71B-B010EA5BE952}.Release|Any CPU.ActiveCfg = Release|Any CPU
		{B1909CDF-51B5-4563-B71B-B010EA5BE952}.Release|Any CPU.Build.0 = Release|Any CPU
		{46C0D54B-871D-4833-8461-AA15AC057774}.Debug|Any CPU.ActiveCfg = Debug|Any CPU
		{46C0D54B-871D-4833-8461-AA15AC057774}.Debug|Any CPU.Build.0 = Debug|Any CPU
		{46C0D54B-871D-4833-8461-AA15AC057774}.Release|Any CPU.ActiveCfg = Release|Any CPU
		{46C0D54B-871D-4833-8461-AA15AC057774}.Release|Any CPU.Build.0 = Release|Any CPU
		{B6F8245B-9C94-4FB4-89A8-385372A14937}.Debug|Any CPU.ActiveCfg = Debug|Any CPU
		{B6F8245B-9C94-4FB4-89A8-385372A14937}.Debug|Any CPU.Build.0 = Debug|Any CPU
		{B6F8245B-9C94-4FB4-89A8-385372A14937}.Release|Any CPU.ActiveCfg = Release|Any CPU
		{B6F8245B-9C94-4FB4-89A8-385372A14937}.Release|Any CPU.Build.0 = Release|Any CPU
		{8D2916B8-E60C-4BC9-809A-CEB36A73C7B2}.Debug|Any CPU.ActiveCfg = Debug|Any CPU
		{8D2916B8-E60C-4BC9-809A-CEB36A73C7B2}.Debug|Any CPU.Build.0 = Debug|Any CPU
		{8D2916B8-E60C-4BC9-809A-CEB36A73C7B2}.Release|Any CPU.ActiveCfg = Release|Any CPU
		{8D2916B8-E60C-4BC9-809A-CEB36A73C7B2}.Release|Any CPU.Build.0 = Release|Any CPU
	EndGlobalSection
	GlobalSection(SolutionProperties) = preSolution
		HideSolutionNode = FALSE
	EndGlobalSection
	GlobalSection(ExtensibilityGlobals) = postSolution
		SolutionGuid = {FCF14C51-BBA1-4027-AA4E-1E5B0C53F91A}
	EndGlobalSection
EndGlobal
