
Microsoft Visual Studio Solution File, Format Version 12.00
# Visual Studio 15
VisualStudioVersion = 15.0.27703.2047
MinimumVisualStudioVersion = 10.0.40219.1
Project("{FAE04EC0-301F-11D3-BF4B-00C04F79EFBC}") = "00W3ResourceExers", "W3ResourceExers\00W3ResourceExers.csproj", "{CE689BB3-BB0D-4C5A-93C8-B67493B011B1}"
EndProject
Project("{FAE04EC0-301F-11D3-BF4B-00C04F79EFBC}") = "01_HelloName", "1-HelloName\01_HelloName.csproj", "{EDC1696C-80CE-417D-B07F-BE94328E5EC0}"
EndProject
Project("{FAE04EC0-301F-11D3-BF4B-00C04F79EFBC}") = "04_ResultOfOperations", "4-ResultOfOperations\04_ResultOfOperations.csproj", "{38D8AF8B-61E4-4A6C-BE4C-4ADDAF74ED66}"
EndProject
Project("{FAE04EC0-301F-11D3-BF4B-00C04F79EFBC}") = "05_SwapTwoNumbers", "5-SwapTwoNumbers\05_SwapTwoNumbers.csproj", "{B1909CDF-51B5-4563-B71B-B010EA5BE952}"
EndProject
Project("{FAE04EC0-301F-11D3-BF4B-00C04F79EFBC}") = "06_MultiplicationOfTwoNumbers", "6-MultiplicationOfTwoNumbers\06_MultiplicationOfTwoNumbers.csproj", "{46C0D54B-871D-4833-8461-AA15AC057774}"
EndProject
Project("{FAE04EC0-301F-11D3-BF4B-00C04F79EFBC}") = "08_MultiplicationTable", "8-MultiplicationTable\08_MultiplicationTable.csproj", "{B6F8245B-9C94-4FB4-89A8-385372A14937}"
EndProject
Project("{FAE04EC0-301F-11D3-BF4B-00C04F79EFBC}") = "09_Average", "9-Average\09_Average.csproj", "{8D2916B8-E60C-4BC9-809A-CEB36A73C7B2}"
EndProject
Project("{FAE04EC0-301F-11D3-BF4B-00C04F79EFBC}") = "10_ThreeNumbersInput", "10-ThreeNumbersInput\10_ThreeNumbersInput.csproj", "{D6F44376-07EB-4667-9D28-2FEA757910D7}"
EndProject
Project("{FAE04EC0-301F-11D3-BF4B-00C04F79EFBC}") = "11_AgeULookOlder", "11-AgeULookOlder\11_AgeULookOlder.csproj", "{F4EF84D0-9505-40CC-A33C-A8BBCE96BEDF}"
EndProject
Project("{FAE04EC0-301F-11D3-BF4B-00C04F79EFBC}") = "12_FourTimesInARow", "12-FourTimesInARow\12_FourTimesInARow.csproj", "{C730608B-B8BD-49BF-BF56-75CAD4FA2BC1}"
EndProject
Project("{FAE04EC0-301F-11D3-BF4B-00C04F79EFBC}") = "13_Rectangle", "13-Rectangle\13_Rectangle.csproj", "{BE184D8D-08E3-4948-9DA6-0DD77E61FB18}"
EndProject
Project("{FAE04EC0-301F-11D3-BF4B-00C04F79EFBC}") = "14_TemperatureConverter", "14-TemperatureConverter\14_TemperatureConverter.csproj", "{EC2DD082-1565-4AF2-BCE5-6650F7C09132}"
EndProject
Project("{FAE04EC0-301F-11D3-BF4B-00C04F79EFBC}") = "15_StringRemoverAtIndex", "15-StringRemoverAtIndex\15_StringRemoverAtIndex.csproj", "{E1C7FE44-2582-4946-B9CF-D8361F6A56C5}"
EndProject
Project("{FAE04EC0-301F-11D3-BF4B-00C04F79EFBC}") = "16_StringPositionChanger", "16-StringPositionChanger\16_StringPositionChanger.csproj", "{DAFB174C-5D8B-4A1A-A58A-B46CFB866E1A}"
EndProject
Project("{FAE04EC0-301F-11D3-BF4B-00C04F79EFBC}") = "17_CreateANewString", "17-CreateANewString\17_CreateANewString.csproj", "{4317BD3F-2B08-405C-983B-E940D7136164}"
EndProject
Project("{FAE04EC0-301F-11D3-BF4B-00C04F79EFBC}") = "18_PositiveNegativeChecker", "18-PositiveNegativeChecker\18_PositiveNegativeChecker.csproj", "{35D65E24-FAF8-4AF2-9991-DB1FFF8DCBBD}"
EndProject
Project("{FAE04EC0-301F-11D3-BF4B-00C04F79EFBC}") = "19_ComputeTheSum", "19-ComputeTheSum\19_ComputeTheSum.csproj", "{915CF33A-04BB-44E2-A924-73D85048F5D6}"
EndProject
Project("{FAE04EC0-301F-11D3-BF4B-00C04F79EFBC}") = "20_AbsoluteValueOfDifference", "20-AbsoluteValueOfDifference\20_AbsoluteValueOfDifference.csproj", "{BA4AD06C-602E-46CB-849B-463A1C897EE2}"
EndProject
Project("{FAE04EC0-301F-11D3-BF4B-00C04F79EFBC}") = "21_IsTwentyOrEqual", "21_IsTwentyOrEqual\21_IsTwentyOrEqual.csproj", "{5E1637C6-70EF-4623-B459-C87B480629A3}"
EndProject
Project("{FAE04EC0-301F-11D3-BF4B-00C04F79EFBC}") = "22_IntegerRange", "22_IntegerRank\22_IntegerRange.csproj", "{6C011C2D-C23A-4630-9F3D-950F20247698}"
EndProject
Project("{FAE04EC0-301F-11D3-BF4B-00C04F79EFBC}") = "23_StringToLowerCase", "23_StringToLowerCase\23_StringToLowerCase.csproj", "{1400F1F5-103B-4C19-8FDC-3666CD7BA3FA}"
EndProject
Project("{FAE04EC0-301F-11D3-BF4B-00C04F79EFBC}") = "24_LongestWord", "24_LongestWord\24_LongestWord.csproj", "{2048BDF4-9CBD-4EDF-B15A-FC36D30F1E95}"
EndProject
Project("{FAE04EC0-301F-11D3-BF4B-00C04F79EFBC}") = "25_OddNumbers", "25_OddNumbers\25_OddNumbers.csproj", "{D4AD89A6-661E-4A6F-94CA-53A6EEB3748D}"
EndProject
Project("{FAE04EC0-301F-11D3-BF4B-00C04F79EFBC}") = "26_SumOfPrimes", "26_SumOfPrimes\26_SumOfPrimes.csproj", "{268FA33D-D8BA-4B8E-8DF7-E0C0B0D8E45E}"
EndProject
Project("{FAE04EC0-301F-11D3-BF4B-00C04F79EFBC}") = "27_SumOfDigits", "27_SumOfDigits\27_SumOfDigits.csproj", "{1C9B11E0-BF36-4E20-9E7F-889996B8B7E3}"
EndProject
Project("{FAE04EC0-301F-11D3-BF4B-00C04F79EFBC}") = "28_ReverseWords", "28_ReverseWords\28_ReverseWords.csproj", "{AB889C77-79A2-4097-B77D-DF7D0753FEC4}"
EndProject
Project("{FAE04EC0-301F-11D3-BF4B-00C04F79EFBC}") = "29_SizeInBytes", "29_SizeInBytes\29_SizeInBytes.csproj", "{670CA082-5418-41A5-94B7-62620BD9B70C}"
EndProject
Project("{FAE04EC0-301F-11D3-BF4B-00C04F79EFBC}") = "30_ConvertFromHexToDec", "30_ConvertFromHexToDec\30_ConvertFromHexToDec.csproj", "{4F628EB9-6E9C-478C-BA9B-D30D28864D45}"
EndProject
Global
	GlobalSection(SolutionConfigurationPlatforms) = preSolution
		Debug|Any CPU = Debug|Any CPU
		Release|Any CPU = Release|Any CPU
	EndGlobalSection
	GlobalSection(ProjectConfigurationPlatforms) = postSolution
		{CE689BB3-BB0D-4C5A-93C8-B67493B011B1}.Debug|Any CPU.ActiveCfg = Debug|Any CPU
		{CE689BB3-BB0D-4C5A-93C8-B67493B011B1}.Debug|Any CPU.Build.0 = Debug|Any CPU
		{CE689BB3-BB0D-4C5A-93C8-B67493B011B1}.Release|Any CPU.ActiveCfg = Release|Any CPU
		{CE689BB3-BB0D-4C5A-93C8-B67493B011B1}.Release|Any CPU.Build.0 = Release|Any CPU
		{EDC1696C-80CE-417D-B07F-BE94328E5EC0}.Debug|Any CPU.ActiveCfg = Debug|Any CPU
		{EDC1696C-80CE-417D-B07F-BE94328E5EC0}.Debug|Any CPU.Build.0 = Debug|Any CPU
		{EDC1696C-80CE-417D-B07F-BE94328E5EC0}.Release|Any CPU.ActiveCfg = Release|Any CPU
		{EDC1696C-80CE-417D-B07F-BE94328E5EC0}.Release|Any CPU.Build.0 = Release|Any CPU
		{38D8AF8B-61E4-4A6C-BE4C-4ADDAF74ED66}.Debug|Any CPU.ActiveCfg = Debug|Any CPU
		{38D8AF8B-61E4-4A6C-BE4C-4ADDAF74ED66}.Debug|Any CPU.Build.0 = Debug|Any CPU
		{38D8AF8B-61E4-4A6C-BE4C-4ADDAF74ED66}.Release|Any CPU.ActiveCfg = Release|Any CPU
		{38D8AF8B-61E4-4A6C-BE4C-4ADDAF74ED66}.Release|Any CPU.Build.0 = Release|Any CPU
		{B1909CDF-51B5-4563-B71B-B010EA5BE952}.Debug|Any CPU.ActiveCfg = Debug|Any CPU
		{B1909CDF-51B5-4563-B71B-B010EA5BE952}.Debug|Any CPU.Build.0 = Debug|Any CPU
		{B1909CDF-51B5-4563-B71B-B010EA5BE952}.Release|Any CPU.ActiveCfg = Release|Any CPU
		{B1909CDF-51B5-4563-B71B-B010EA5BE952}.Release|Any CPU.Build.0 = Release|Any CPU
		{46C0D54B-871D-4833-8461-AA15AC057774}.Debug|Any CPU.ActiveCfg = Debug|Any CPU
		{46C0D54B-871D-4833-8461-AA15AC057774}.Debug|Any CPU.Build.0 = Debug|Any CPU
		{46C0D54B-871D-4833-8461-AA15AC057774}.Release|Any CPU.ActiveCfg = Release|Any CPU
		{46C0D54B-871D-4833-8461-AA15AC057774}.Release|Any CPU.Build.0 = Release|Any CPU
		{B6F8245B-9C94-4FB4-89A8-385372A14937}.Debug|Any CPU.ActiveCfg = Debug|Any CPU
		{B6F8245B-9C94-4FB4-89A8-385372A14937}.Debug|Any CPU.Build.0 = Debug|Any CPU
		{B6F8245B-9C94-4FB4-89A8-385372A14937}.Release|Any CPU.ActiveCfg = Release|Any CPU
		{B6F8245B-9C94-4FB4-89A8-385372A14937}.Release|Any CPU.Build.0 = Release|Any CPU
		{8D2916B8-E60C-4BC9-809A-CEB36A73C7B2}.Debug|Any CPU.ActiveCfg = Debug|Any CPU
		{8D2916B8-E60C-4BC9-809A-CEB36A73C7B2}.Debug|Any CPU.Build.0 = Debug|Any CPU
		{8D2916B8-E60C-4BC9-809A-CEB36A73C7B2}.Release|Any CPU.ActiveCfg = Release|Any CPU
		{8D2916B8-E60C-4BC9-809A-CEB36A73C7B2}.Release|Any CPU.Build.0 = Release|Any CPU
		{D6F44376-07EB-4667-9D28-2FEA757910D7}.Debug|Any CPU.ActiveCfg = Debug|Any CPU
		{D6F44376-07EB-4667-9D28-2FEA757910D7}.Debug|Any CPU.Build.0 = Debug|Any CPU
		{D6F44376-07EB-4667-9D28-2FEA757910D7}.Release|Any CPU.ActiveCfg = Release|Any CPU
		{D6F44376-07EB-4667-9D28-2FEA757910D7}.Release|Any CPU.Build.0 = Release|Any CPU
		{F4EF84D0-9505-40CC-A33C-A8BBCE96BEDF}.Debug|Any CPU.ActiveCfg = Debug|Any CPU
		{F4EF84D0-9505-40CC-A33C-A8BBCE96BEDF}.Debug|Any CPU.Build.0 = Debug|Any CPU
		{F4EF84D0-9505-40CC-A33C-A8BBCE96BEDF}.Release|Any CPU.ActiveCfg = Release|Any CPU
		{F4EF84D0-9505-40CC-A33C-A8BBCE96BEDF}.Release|Any CPU.Build.0 = Release|Any CPU
		{C730608B-B8BD-49BF-BF56-75CAD4FA2BC1}.Debug|Any CPU.ActiveCfg = Debug|Any CPU
		{C730608B-B8BD-49BF-BF56-75CAD4FA2BC1}.Debug|Any CPU.Build.0 = Debug|Any CPU
		{C730608B-B8BD-49BF-BF56-75CAD4FA2BC1}.Release|Any CPU.ActiveCfg = Release|Any CPU
		{C730608B-B8BD-49BF-BF56-75CAD4FA2BC1}.Release|Any CPU.Build.0 = Release|Any CPU
		{BE184D8D-08E3-4948-9DA6-0DD77E61FB18}.Debug|Any CPU.ActiveCfg = Debug|Any CPU
		{BE184D8D-08E3-4948-9DA6-0DD77E61FB18}.Debug|Any CPU.Build.0 = Debug|Any CPU
		{BE184D8D-08E3-4948-9DA6-0DD77E61FB18}.Release|Any CPU.ActiveCfg = Release|Any CPU
		{BE184D8D-08E3-4948-9DA6-0DD77E61FB18}.Release|Any CPU.Build.0 = Release|Any CPU
		{EC2DD082-1565-4AF2-BCE5-6650F7C09132}.Debug|Any CPU.ActiveCfg = Debug|Any CPU
		{EC2DD082-1565-4AF2-BCE5-6650F7C09132}.Debug|Any CPU.Build.0 = Debug|Any CPU
		{EC2DD082-1565-4AF2-BCE5-6650F7C09132}.Release|Any CPU.ActiveCfg = Release|Any CPU
		{EC2DD082-1565-4AF2-BCE5-6650F7C09132}.Release|Any CPU.Build.0 = Release|Any CPU
		{E1C7FE44-2582-4946-B9CF-D8361F6A56C5}.Debug|Any CPU.ActiveCfg = Debug|Any CPU
		{E1C7FE44-2582-4946-B9CF-D8361F6A56C5}.Debug|Any CPU.Build.0 = Debug|Any CPU
		{E1C7FE44-2582-4946-B9CF-D8361F6A56C5}.Release|Any CPU.ActiveCfg = Release|Any CPU
		{E1C7FE44-2582-4946-B9CF-D8361F6A56C5}.Release|Any CPU.Build.0 = Release|Any CPU
		{DAFB174C-5D8B-4A1A-A58A-B46CFB866E1A}.Debug|Any CPU.ActiveCfg = Debug|Any CPU
		{DAFB174C-5D8B-4A1A-A58A-B46CFB866E1A}.Debug|Any CPU.Build.0 = Debug|Any CPU
		{DAFB174C-5D8B-4A1A-A58A-B46CFB866E1A}.Release|Any CPU.ActiveCfg = Release|Any CPU
		{DAFB174C-5D8B-4A1A-A58A-B46CFB866E1A}.Release|Any CPU.Build.0 = Release|Any CPU
		{4317BD3F-2B08-405C-983B-E940D7136164}.Debug|Any CPU.ActiveCfg = Debug|Any CPU
		{4317BD3F-2B08-405C-983B-E940D7136164}.Debug|Any CPU.Build.0 = Debug|Any CPU
		{4317BD3F-2B08-405C-983B-E940D7136164}.Release|Any CPU.ActiveCfg = Release|Any CPU
		{4317BD3F-2B08-405C-983B-E940D7136164}.Release|Any CPU.Build.0 = Release|Any CPU
		{35D65E24-FAF8-4AF2-9991-DB1FFF8DCBBD}.Debug|Any CPU.ActiveCfg = Debug|Any CPU
		{35D65E24-FAF8-4AF2-9991-DB1FFF8DCBBD}.Debug|Any CPU.Build.0 = Debug|Any CPU
		{35D65E24-FAF8-4AF2-9991-DB1FFF8DCBBD}.Release|Any CPU.ActiveCfg = Release|Any CPU
		{35D65E24-FAF8-4AF2-9991-DB1FFF8DCBBD}.Release|Any CPU.Build.0 = Release|Any CPU
		{915CF33A-04BB-44E2-A924-73D85048F5D6}.Debug|Any CPU.ActiveCfg = Debug|Any CPU
		{915CF33A-04BB-44E2-A924-73D85048F5D6}.Debug|Any CPU.Build.0 = Debug|Any CPU
		{915CF33A-04BB-44E2-A924-73D85048F5D6}.Release|Any CPU.ActiveCfg = Release|Any CPU
		{915CF33A-04BB-44E2-A924-73D85048F5D6}.Release|Any CPU.Build.0 = Release|Any CPU
		{BA4AD06C-602E-46CB-849B-463A1C897EE2}.Debug|Any CPU.ActiveCfg = Debug|Any CPU
		{BA4AD06C-602E-46CB-849B-463A1C897EE2}.Debug|Any CPU.Build.0 = Debug|Any CPU
		{BA4AD06C-602E-46CB-849B-463A1C897EE2}.Release|Any CPU.ActiveCfg = Release|Any CPU
		{BA4AD06C-602E-46CB-849B-463A1C897EE2}.Release|Any CPU.Build.0 = Release|Any CPU
		{5E1637C6-70EF-4623-B459-C87B480629A3}.Debug|Any CPU.ActiveCfg = Debug|Any CPU
		{5E1637C6-70EF-4623-B459-C87B480629A3}.Debug|Any CPU.Build.0 = Debug|Any CPU
		{5E1637C6-70EF-4623-B459-C87B480629A3}.Release|Any CPU.ActiveCfg = Release|Any CPU
		{5E1637C6-70EF-4623-B459-C87B480629A3}.Release|Any CPU.Build.0 = Release|Any CPU
		{6C011C2D-C23A-4630-9F3D-950F20247698}.Debug|Any CPU.ActiveCfg = Debug|Any CPU
		{6C011C2D-C23A-4630-9F3D-950F20247698}.Debug|Any CPU.Build.0 = Debug|Any CPU
		{6C011C2D-C23A-4630-9F3D-950F20247698}.Release|Any CPU.ActiveCfg = Release|Any CPU
		{6C011C2D-C23A-4630-9F3D-950F20247698}.Release|Any CPU.Build.0 = Release|Any CPU
		{1400F1F5-103B-4C19-8FDC-3666CD7BA3FA}.Debug|Any CPU.ActiveCfg = Debug|Any CPU
		{1400F1F5-103B-4C19-8FDC-3666CD7BA3FA}.Debug|Any CPU.Build.0 = Debug|Any CPU
		{1400F1F5-103B-4C19-8FDC-3666CD7BA3FA}.Release|Any CPU.ActiveCfg = Release|Any CPU
		{1400F1F5-103B-4C19-8FDC-3666CD7BA3FA}.Release|Any CPU.Build.0 = Release|Any CPU
		{2048BDF4-9CBD-4EDF-B15A-FC36D30F1E95}.Debug|Any CPU.ActiveCfg = Debug|Any CPU
		{2048BDF4-9CBD-4EDF-B15A-FC36D30F1E95}.Debug|Any CPU.Build.0 = Debug|Any CPU
		{2048BDF4-9CBD-4EDF-B15A-FC36D30F1E95}.Release|Any CPU.ActiveCfg = Release|Any CPU
		{2048BDF4-9CBD-4EDF-B15A-FC36D30F1E95}.Release|Any CPU.Build.0 = Release|Any CPU
		{D4AD89A6-661E-4A6F-94CA-53A6EEB3748D}.Debug|Any CPU.ActiveCfg = Debug|Any CPU
		{D4AD89A6-661E-4A6F-94CA-53A6EEB3748D}.Debug|Any CPU.Build.0 = Debug|Any CPU
		{D4AD89A6-661E-4A6F-94CA-53A6EEB3748D}.Release|Any CPU.ActiveCfg = Release|Any CPU
		{D4AD89A6-661E-4A6F-94CA-53A6EEB3748D}.Release|Any CPU.Build.0 = Release|Any CPU
		{268FA33D-D8BA-4B8E-8DF7-E0C0B0D8E45E}.Debug|Any CPU.ActiveCfg = Debug|Any CPU
		{268FA33D-D8BA-4B8E-8DF7-E0C0B0D8E45E}.Debug|Any CPU.Build.0 = Debug|Any CPU
		{268FA33D-D8BA-4B8E-8DF7-E0C0B0D8E45E}.Release|Any CPU.ActiveCfg = Release|Any CPU
		{268FA33D-D8BA-4B8E-8DF7-E0C0B0D8E45E}.Release|Any CPU.Build.0 = Release|Any CPU
		{1C9B11E0-BF36-4E20-9E7F-889996B8B7E3}.Debug|Any CPU.ActiveCfg = Debug|Any CPU
		{1C9B11E0-BF36-4E20-9E7F-889996B8B7E3}.Debug|Any CPU.Build.0 = Debug|Any CPU
		{1C9B11E0-BF36-4E20-9E7F-889996B8B7E3}.Release|Any CPU.ActiveCfg = Release|Any CPU
		{1C9B11E0-BF36-4E20-9E7F-889996B8B7E3}.Release|Any CPU.Build.0 = Release|Any CPU
		{AB889C77-79A2-4097-B77D-DF7D0753FEC4}.Debug|Any CPU.ActiveCfg = Debug|Any CPU
		{AB889C77-79A2-4097-B77D-DF7D0753FEC4}.Debug|Any CPU.Build.0 = Debug|Any CPU
		{AB889C77-79A2-4097-B77D-DF7D0753FEC4}.Release|Any CPU.ActiveCfg = Release|Any CPU
		{AB889C77-79A2-4097-B77D-DF7D0753FEC4}.Release|Any CPU.Build.0 = Release|Any CPU
		{670CA082-5418-41A5-94B7-62620BD9B70C}.Debug|Any CPU.ActiveCfg = Debug|Any CPU
		{670CA082-5418-41A5-94B7-62620BD9B70C}.Debug|Any CPU.Build.0 = Debug|Any CPU
		{670CA082-5418-41A5-94B7-62620BD9B70C}.Release|Any CPU.ActiveCfg = Release|Any CPU
		{670CA082-5418-41A5-94B7-62620BD9B70C}.Release|Any CPU.Build.0 = Release|Any CPU
		{4F628EB9-6E9C-478C-BA9B-D30D28864D45}.Debug|Any CPU.ActiveCfg = Debug|Any CPU
		{4F628EB9-6E9C-478C-BA9B-D30D28864D45}.Debug|Any CPU.Build.0 = Debug|Any CPU
		{4F628EB9-6E9C-478C-BA9B-D30D28864D45}.Release|Any CPU.ActiveCfg = Release|Any CPU
		{4F628EB9-6E9C-478C-BA9B-D30D28864D45}.Release|Any CPU.Build.0 = Release|Any CPU
	EndGlobalSection
	GlobalSection(SolutionProperties) = preSolution
		HideSolutionNode = FALSE
	EndGlobalSection
	GlobalSection(ExtensibilityGlobals) = postSolution
		SolutionGuid = {FCF14C51-BBA1-4027-AA4E-1E5B0C53F91A}
	EndGlobalSection
EndGlobal
